<Solution>
  <Folder Name="/benchmarks/">
    <Project Path="benchmarks/Dispatcher.Benchmarks/Dispatcher.Benchmarks.csproj" />
  </Folder>
  <Folder Name="/docs/">
    <File Path="docs/AOT.md" />
    <File Path="docs/PLAN.md" />
  </Folder>
  <Folder Name="/samples/NativeAot/HostOwned/">
    <Project Path="samples/NativeAot/HostOwned/Dispatcher.NativeAotHostSample.Handlers/Dispatcher.NativeAotHostSample.Handlers.csproj" />
    <Project Path="samples/NativeAot/HostOwned/Dispatcher.NativeAotHostSample/Dispatcher.NativeAotHostSample.csproj" />
  </Folder>
  <Folder Name="/samples/">
    <File Path="samples/README.md" />
  </Folder>
  <Folder Name="/samples/NativeAot/ModuleOwned/">
    <Project Path="samples/NativeAot/ModuleOwned/Dispatcher.NativeAotSample.Module/Dispatcher.NativeAotSample.Module.csproj" />
    <Project Path="samples/NativeAot/ModuleOwned/Dispatcher.NativeAotSample/Dispatcher.NativeAotSample.csproj" />
  </Folder>
  <Folder Name="/samples/Reflection/">
    <Project Path="samples/Reflection/Dispatcher.SampleApi.Modules.Orders/Dispatcher.SampleApi.Modules.Orders.csproj" />
    <Project Path="samples/Reflection/Dispatcher.SampleApi.Modules.Stock/Dispatcher.SampleApi.Modules.Stock.csproj" />
    <Project Path="samples/Reflection/Dispatcher.SampleApi/Dispatcher.SampleApi.csproj" />
  </Folder>
  <Folder Name="/src/">
    <Project Path="src/Dispatcher.Abstractions/Dispatcher.Abstractions.csproj" />
    <Project Path="src/Dispatcher.Extensions.Microsoft.DependencyInjection/Dispatcher.Extensions.Microsoft.DependencyInjection.csproj" />
    <Project Path="src/Dispatcher.SourceGeneration/Dispatcher.SourceGeneration.csproj" />
    <Project Path="src/Dispatcher/Dispatcher.csproj" />
  </Folder>
  <Folder Name="/tests/">
    <Project Path="tests/Dispatcher.SourceGeneration.Tests/Dispatcher.SourceGeneration.Tests.csproj" />
    <Project Path="tests/Dispatcher.Tests/Dispatcher.Tests.csproj" />
  </Folder>
  <Folder Name="/_/">
    <File Path=".editorconfig" />
    <File Path=".gitignore" />
    <File Path="AGENTS.md" />
    <File Path="LICENSE" />
    <File Path="README.md" />
  </Folder>
</Solution>
