<Solution>
  <Folder Name="/benchmarks/">
    <Project Path="benchmarks/Dispatcher.Benchmarks/Dispatcher.Benchmarks.csproj" />
  </Folder>
  <Folder Name="/docs/" />
  <Folder Name="/samples/NativeAot/">
    <Project Path="samples/NativeAot/Dispatcher.NativeAotHostSample.Handlers/Dispatcher.NativeAotHostSample.Handlers.csproj" />
    <Project Path="samples/NativeAot/Dispatcher.NativeAotHostSample.Audit/Dispatcher.NativeAotHostSample.Audit.csproj" />
    <Project Path="samples/NativeAot/Dispatcher.NativeAotHostSample/Dispatcher.NativeAotHostSample.csproj" />
  </Folder>
  <Folder Name="/samples/">
    <File Path="samples/README.md" />
  </Folder>
  <Folder Name="/samples/DependencyInjection/">
    <Project Path="samples/DependencyInjection/Dispatcher.SampleApi.Modules.Orders/Dispatcher.SampleApi.Modules.Orders.csproj" />
    <Project Path="samples/DependencyInjection/Dispatcher.SampleApi.Modules.Stock/Dispatcher.SampleApi.Modules.Stock.csproj" />
    <Project Path="samples/DependencyInjection/Dispatcher.SampleApi/Dispatcher.SampleApi.csproj" />
  </Folder>
  <Folder Name="/src/">
    <Project Path="src/Dispatcher.Abstractions/Dispatcher.Abstractions.csproj" />
    <Project Path="src/Dispatcher.DependencyInjection.Extensions/Dispatcher.DependencyInjection.Extensions.csproj" />
    <Project Path="src/Dispatcher.DependencyInjection/Dispatcher.DependencyInjection.csproj" />
    <Project Path="src/Dispatcher.SourceGeneration/Dispatcher.SourceGeneration.csproj" />
    <Project Path="src/Dispatcher/Dispatcher.csproj" />
  </Folder>
  <Folder Name="/tests/">
    <Project Path="tests/Dispatcher.SourceGeneration.Tests/Dispatcher.SourceGeneration.Tests.csproj" />
    <Project Path="tests/Dispatcher.Tests/Dispatcher.Tests.csproj" />
  </Folder>
  <Folder Name="/_/">
    <File Path=".editorconfig" />
    <File Path=".gitignore" />
    <File Path="AGENTS.md" />
    <File Path="LICENSE" />
    <File Path="README.md" />
  </Folder>
</Solution>
